
Microsoft Visual Studio Solution File, Format Version 12.00
# Visual Studio Version 17
VisualStudioVersion = 17.14.36203.30 d17.14
MinimumVisualStudioVersion = 10.0.40219.1
Project("{FAE04EC0-301F-11D3-BF4B-00C04F79EFBC}") = "ScrapyardBuildRestrictions2", "ScrapyardBuildRestrictions2.csproj", "{EFF25813-12AE-427F-95B0-7561A861A2DA}"
EndProject
Global
	GlobalSection(SolutionConfigurationPlatforms) = preSolution
		Debug|Any CPU = Debug|Any CPU
		Release|Any CPU = Release|Any CPU
	EndGlobalSection
	GlobalSection(ProjectConfigurationPlatforms) = postSolution
		{EFF25813-12AE-427F-95B0-7561A861A2DA}.Debug|Any CPU.ActiveCfg = Debug|Any CPU
		{EFF25813-12AE-427F-95B0-7561A861A2DA}.Debug|Any CPU.Build.0 = Debug|Any CPU
		{EFF25813-12AE-427F-95B0-7561A861A2DA}.Release|Any CPU.ActiveCfg = Release|Any CPU
		{EFF25813-12AE-427F-95B0-7561A861A2DA}.Release|Any CPU.Build.0 = Release|Any CPU
	EndGlobalSection
	GlobalSection(SolutionProperties) = preSolution
		HideSolutionNode = FALSE
	EndGlobalSection
	GlobalSection(ExtensibilityGlobals) = postSolution
		SolutionGuid = {B37FDE78-31AD-46E5-854C-A89025191BAF}
	EndGlobalSection
EndGlobal
